// !$*UTF8*$!
{
	archiveVersion = 1;
	classes = {
	};
	objectVersion = 56;
	objects = {

/* Begin PBXBuildFile section */
		D3EA9C842BB1843700FB2F8A /* ApuntesPrimeraAppApp.swift in Sources */ = {isa = PBXBuildFile; fileRef = D3EA9C832BB1843700FB2F8A /* ApuntesPrimeraAppApp.swift */; };
		D3EA9C862BB1843700FB2F8A /* ContentView.swift in Sources */ = {isa = PBXBuildFile; fileRef = D3EA9C852BB1843700FB2F8A /* ContentView.swift */; };
		D3EA9C882BB1843900FB2F8A /* Assets.xcassets in Resources */ = {isa = PBXBuildFile; fileRef = D3EA9C872BB1843900FB2F8A /* Assets.xcassets */; };
		D3EA9C8B2BB1843900FB2F8A /* Preview Assets.xcassets in Resources */ = {isa = PBXBuildFile; fileRef = D3EA9C8A2BB1843900FB2F8A /* Preview Assets.xcassets */; };
		D3EA9C922BB18CA900FB2F8A /* TextosUIView.swift in Sources */ = {isa = PBXBuildFile; fileRef = D3EA9C912BB18CA900FB2F8A /* TextosUIView.swift */; };
		D3EA9C942BB2C59300FB2F8A /* GameOfSquids.ttf in Resources */ = {isa = PBXBuildFile; fileRef = D3EA9C932BB2C59300FB2F8A /* GameOfSquids.ttf */; };
		D3EA9C972BB2CA8D00FB2F8A /* Styles.swift in Sources */ = {isa = PBXBuildFile; fileRef = D3EA9C962BB2CA8D00FB2F8A /* Styles.swift */; };
		D3EA9C992BB31A5A00FB2F8A /* BotonesView.swift in Sources */ = {isa = PBXBuildFile; fileRef = D3EA9C982BB31A5A00FB2F8A /* BotonesView.swift */; };
		D3EA9CCB2BB4A54900FB2F8A /* ZStacksView.swift in Sources */ = {isa = PBXBuildFile; fileRef = D3EA9CCA2BB4A54900FB2F8A /* ZStacksView.swift */; };
		D3EA9CCF2BBAFDA900FB2F8A /* JobsViewCard.swift in Sources */ = {isa = PBXBuildFile; fileRef = D3EA9CCE2BBAFDA900FB2F8A /* JobsViewCard.swift */; };
		D3EA9CD12BBB081200FB2F8A /* ScrollViewsView.swift in Sources */ = {isa = PBXBuildFile; fileRef = D3EA9CD02BBB081200FB2F8A /* ScrollViewsView.swift */; };
		D3EA9CD32BBB08A000FB2F8A /* ScrollHeader.swift in Sources */ = {isa = PBXBuildFile; fileRef = D3EA9CD22BBB08A000FB2F8A /* ScrollHeader.swift */; };
		D3EA9CD52BBB0BC100FB2F8A /* Extension.swift in Sources */ = {isa = PBXBuildFile; fileRef = D3EA9CD42BBB0BC100FB2F8A /* Extension.swift */; };
		D3EA9CD92BBBEFE500FB2F8A /* Components1View.swift in Sources */ = {isa = PBXBuildFile; fileRef = D3EA9CD82BBBEFE500FB2F8A /* Components1View.swift */; };
		D3EA9D0E2BBD5F9B00FB2F8A /* ShapesView.swift in Sources */ = {isa = PBXBuildFile; fileRef = D3EA9D0D2BBD5F9B00FB2F8A /* ShapesView.swift */; };
		D3EA9D102BBD64BF00FB2F8A /* Shapes.swift in Sources */ = {isa = PBXBuildFile; fileRef = D3EA9D0F2BBD64BF00FB2F8A /* Shapes.swift */; };
		D3EA9D132BBD6C3800FB2F8A /* pokemons.json in Resources */ = {isa = PBXBuildFile; fileRef = D3EA9D122BBD6C3800FB2F8A /* pokemons.json */; };
		D3EA9D152BBD6C6B00FB2F8A /* Model.swift in Sources */ = {isa = PBXBuildFile; fileRef = D3EA9D142BBD6C6B00FB2F8A /* Model.swift */; };
		D3EA9D172BBD6E2700FB2F8A /* PokedexListView.swift in Sources */ = {isa = PBXBuildFile; fileRef = D3EA9D162BBD6E2700FB2F8A /* PokedexListView.swift */; };
/* End PBXBuildFile section */

/* Begin PBXFileReference section */
		D3EA9C802BB1843700FB2F8A /* ApuntesPrimeraApp.app */ = {isa = PBXFileReference; explicitFileType = wrapper.application; includeInIndex = 0; path = ApuntesPrimeraApp.app; sourceTree = BUILT_PRODUCTS_DIR; };
		D3EA9C832BB1843700FB2F8A /* ApuntesPrimeraAppApp.swift */ = {isa = PBXFileReference; lastKnownFileType = sourcecode.swift; path = ApuntesPrimeraAppApp.swift; sourceTree = "<group>"; };
		D3EA9C852BB1843700FB2F8A /* ContentView.swift */ = {isa = PBXFileReference; lastKnownFileType = sourcecode.swift; path = ContentView.swift; sourceTree = "<group>"; };
		D3EA9C872BB1843900FB2F8A /* Assets.xcassets */ = {isa = PBXFileReference; lastKnownFileType = folder.assetcatalog; path = Assets.xcassets; sourceTree = "<group>"; };
		D3EA9C8A2BB1843900FB2F8A /* Preview Assets.xcassets */ = {isa = PBXFileReference; lastKnownFileType = folder.assetcatalog; path = "Preview Assets.xcassets"; sourceTree = "<group>"; };
		D3EA9C912BB18CA900FB2F8A /* TextosUIView.swift */ = {isa = PBXFileReference; lastKnownFileType = sourcecode.swift; path = TextosUIView.swift; sourceTree = "<group>"; };
		D3EA9C932BB2C59300FB2F8A /* GameOfSquids.ttf */ = {isa = PBXFileReference; lastKnownFileType = file; path = GameOfSquids.ttf; sourceTree = "<group>"; };
		D3EA9C952BB2C5FB00FB2F8A /* Info.plist */ = {isa = PBXFileReference; lastKnownFileType = text.plist; path = Info.plist; sourceTree = "<group>"; };
		D3EA9C962BB2CA8D00FB2F8A /* Styles.swift */ = {isa = PBXFileReference; lastKnownFileType = sourcecode.swift; path = Styles.swift; sourceTree = "<group>"; };
		D3EA9C982BB31A5A00FB2F8A /* BotonesView.swift */ = {isa = PBXFileReference; lastKnownFileType = sourcecode.swift; path = BotonesView.swift; sourceTree = "<group>"; };
		D3EA9CCA2BB4A54900FB2F8A /* ZStacksView.swift */ = {isa = PBXFileReference; lastKnownFileType = sourcecode.swift; path = ZStacksView.swift; sourceTree = "<group>"; };
		D3EA9CCE2BBAFDA900FB2F8A /* JobsViewCard.swift */ = {isa = PBXFileReference; lastKnownFileType = sourcecode.swift; path = JobsViewCard.swift; sourceTree = "<group>"; };
		D3EA9CD02BBB081200FB2F8A /* ScrollViewsView.swift */ = {isa = PBXFileReference; lastKnownFileType = sourcecode.swift; path = ScrollViewsView.swift; sourceTree = "<group>"; };
		D3EA9CD22BBB08A000FB2F8A /* ScrollHeader.swift */ = {isa = PBXFileReference; lastKnownFileType = sourcecode.swift; path = ScrollHeader.swift; sourceTree = "<group>"; };
		D3EA9CD42BBB0BC100FB2F8A /* Extension.swift */ = {isa = PBXFileReference; lastKnownFileType = sourcecode.swift; path = Extension.swift; sourceTree = "<group>"; };
		D3EA9CD82BBBEFE500FB2F8A /* Components1View.swift */ = {isa = PBXFileReference; lastKnownFileType = sourcecode.swift; path = Components1View.swift; sourceTree = "<group>"; };
		D3EA9D0D2BBD5F9B00FB2F8A /* ShapesView.swift */ = {isa = PBXFileReference; lastKnownFileType = sourcecode.swift; path = ShapesView.swift; sourceTree = "<group>"; };
		D3EA9D0F2BBD64BF00FB2F8A /* Shapes.swift */ = {isa = PBXFileReference; lastKnownFileType = sourcecode.swift; path = Shapes.swift; sourceTree = "<group>"; };
		D3EA9D122BBD6C3800FB2F8A /* pokemons.json */ = {isa = PBXFileReference; fileEncoding = 4; lastKnownFileType = text.json; path = pokemons.json; sourceTree = "<group>"; };
		D3EA9D142BBD6C6B00FB2F8A /* Model.swift */ = {isa = PBXFileReference; lastKnownFileType = sourcecode.swift; path = Model.swift; sourceTree = "<group>"; };
		D3EA9D162BBD6E2700FB2F8A /* PokedexListView.swift */ = {isa = PBXFileReference; lastKnownFileType = sourcecode.swift; path = PokedexListView.swift; sourceTree = "<group>"; };
/* End PBXFileReference section */

/* Begin PBXFrameworksBuildPhase section */
		D3EA9C7D2BB1843700FB2F8A /* Frameworks */ = {
			isa = PBXFrameworksBuildPhase;
			buildActionMask = 2147483647;
			files = (
			);
			runOnlyForDeploymentPostprocessing = 0;
		};
/* End PBXFrameworksBuildPhase section */

/* Begin PBXGroup section */
		D3EA9C772BB1843700FB2F8A = {
			isa = PBXGroup;
			children = (
				D3EA9C822BB1843700FB2F8A /* ApuntesPrimeraApp */,
				D3EA9C812BB1843700FB2F8A /* Products */,
			);
			sourceTree = "<group>";
		};
		D3EA9C812BB1843700FB2F8A /* Products */ = {
			isa = PBXGroup;
			children = (
				D3EA9C802BB1843700FB2F8A /* ApuntesPrimeraApp.app */,
			);
			name = Products;
			sourceTree = "<group>";
		};
		D3EA9C822BB1843700FB2F8A /* ApuntesPrimeraApp */ = {
			isa = PBXGroup;
			children = (
				D3EA9C832BB1843700FB2F8A /* ApuntesPrimeraAppApp.swift */,
				D3EA9C852BB1843700FB2F8A /* ContentView.swift */,
				D3EA9C912BB18CA900FB2F8A /* TextosUIView.swift */,
				D3EA9C982BB31A5A00FB2F8A /* BotonesView.swift */,
				D3EA9CCA2BB4A54900FB2F8A /* ZStacksView.swift */,
				D3EA9CCE2BBAFDA900FB2F8A /* JobsViewCard.swift */,
				D3EA9CD02BBB081200FB2F8A /* ScrollViewsView.swift */,
				D3EA9CD82BBBEFE500FB2F8A /* Components1View.swift */,
				D3EA9D0D2BBD5F9B00FB2F8A /* ShapesView.swift */,
				D3EA9D112BBD6C0000FB2F8A /* Pokedex */,
				D3EA9D0F2BBD64BF00FB2F8A /* Shapes.swift */,
				D3EA9CD22BBB08A000FB2F8A /* ScrollHeader.swift */,
				D3EA9C962BB2CA8D00FB2F8A /* Styles.swift */,
				D3EA9CD42BBB0BC100FB2F8A /* Extension.swift */,
				D3EA9C872BB1843900FB2F8A /* Assets.xcassets */,
				D3EA9C952BB2C5FB00FB2F8A /* Info.plist */,
				D3EA9C932BB2C59300FB2F8A /* GameOfSquids.ttf */,
				D3EA9C892BB1843900FB2F8A /* Preview Content */,
			);
			path = ApuntesPrimeraApp;
			sourceTree = "<group>";
		};
		D3EA9C892BB1843900FB2F8A /* Preview Content */ = {
			isa = PBXGroup;
			children = (
				D3EA9C8A2BB1843900FB2F8A /* Preview Assets.xcassets */,
			);
			path = "Preview Content";
			sourceTree = "<group>";
		};
		D3EA9D112BBD6C0000FB2F8A /* Pokedex */ = {
			isa = PBXGroup;
			children = (
				D3EA9D162BBD6E2700FB2F8A /* PokedexListView.swift */,
				D3EA9D142BBD6C6B00FB2F8A /* Model.swift */,
				D3EA9D122BBD6C3800FB2F8A /* pokemons.json */,
			);
			name = Pokedex;
			sourceTree = "<group>";
		};
/* End PBXGroup section */

/* Begin PBXNativeTarget section */
		D3EA9C7F2BB1843700FB2F8A /* ApuntesPrimeraApp */ = {
			isa = PBXNativeTarget;
			buildConfigurationList = D3EA9C8E2BB1843900FB2F8A /* Build configuration list for PBXNativeTarget "ApuntesPrimeraApp" */;
			buildPhases = (
				D3EA9C7C2BB1843700FB2F8A /* Sources */,
				D3EA9C7D2BB1843700FB2F8A /* Frameworks */,
				D3EA9C7E2BB1843700FB2F8A /* Resources */,
			);
			buildRules = (
			);
			dependencies = (
			);
			name = ApuntesPrimeraApp;
			productName = ApuntesPrimeraApp;
			productReference = D3EA9C802BB1843700FB2F8A /* ApuntesPrimeraApp.app */;
			productType = "com.apple.product-type.application";
		};
/* End PBXNativeTarget section */

/* Begin PBXProject section */
		D3EA9C782BB1843700FB2F8A /* Project object */ = {
			isa = PBXProject;
			attributes = {
				BuildIndependentTargetsInParallel = 1;
				LastSwiftUpdateCheck = 1530;
				LastUpgradeCheck = 1530;
				TargetAttributes = {
					D3EA9C7F2BB1843700FB2F8A = {
						CreatedOnToolsVersion = 15.3;
					};
				};
			};
			buildConfigurationList = D3EA9C7B2BB1843700FB2F8A /* Build configuration list for PBXProject "ApuntesPrimeraApp" */;
			compatibilityVersion = "Xcode 14.0";
			developmentRegion = en;
			hasScannedForEncodings = 0;
			knownRegions = (
				en,
				Base,
			);
			mainGroup = D3EA9C772BB1843700FB2F8A;
			productRefGroup = D3EA9C812BB1843700FB2F8A /* Products */;
			projectDirPath = "";
			projectRoot = "";
			targets = (
				D3EA9C7F2BB1843700FB2F8A /* ApuntesPrimeraApp */,
			);
		};
/* End PBXProject section */

/* Begin PBXResourcesBuildPhase section */
		D3EA9C7E2BB1843700FB2F8A /* Resources */ = {
			isa = PBXResourcesBuildPhase;
			buildActionMask = 2147483647;
			files = (
				D3EA9C8B2BB1843900FB2F8A /* Preview Assets.xcassets in Resources */,
				D3EA9D132BBD6C3800FB2F8A /* pokemons.json in Resources */,
				D3EA9C942BB2C59300FB2F8A /* GameOfSquids.ttf in Resources */,
				D3EA9C882BB1843900FB2F8A /* Assets.xcassets in Resources */,
			);
			runOnlyForDeploymentPostprocessing = 0;
		};
/* End PBXResourcesBuildPhase section */

/* Begin PBXSourcesBuildPhase section */
		D3EA9C7C2BB1843700FB2F8A /* Sources */ = {
			isa = PBXSourcesBuildPhase;
			buildActionMask = 2147483647;
			files = (
				D3EA9CD12BBB081200FB2F8A /* ScrollViewsView.swift in Sources */,
				D3EA9CCF2BBAFDA900FB2F8A /* JobsViewCard.swift in Sources */,
				D3EA9D0E2BBD5F9B00FB2F8A /* ShapesView.swift in Sources */,
				D3EA9CD32BBB08A000FB2F8A /* ScrollHeader.swift in Sources */,
				D3EA9C862BB1843700FB2F8A /* ContentView.swift in Sources */,
				D3EA9C992BB31A5A00FB2F8A /* BotonesView.swift in Sources */,
				D3EA9CD52BBB0BC100FB2F8A /* Extension.swift in Sources */,
				D3EA9D152BBD6C6B00FB2F8A /* Model.swift in Sources */,
				D3EA9C922BB18CA900FB2F8A /* TextosUIView.swift in Sources */,
				D3EA9CD92BBBEFE500FB2F8A /* Components1View.swift in Sources */,
				D3EA9C842BB1843700FB2F8A /* ApuntesPrimeraAppApp.swift in Sources */,
				D3EA9D172BBD6E2700FB2F8A /* PokedexListView.swift in Sources */,
				D3EA9D102BBD64BF00FB2F8A /* Shapes.swift in Sources */,
				D3EA9CCB2BB4A54900FB2F8A /* ZStacksView.swift in Sources */,
				D3EA9C972BB2CA8D00FB2F8A /* Styles.swift in Sources */,
			);
			runOnlyForDeploymentPostprocessing = 0;
		};
/* End PBXSourcesBuildPhase section */

/* Begin XCBuildConfiguration section */
		D3EA9C8C2BB1843900FB2F8A /* Debug */ = {
			isa = XCBuildConfiguration;
			buildSettings = {
				ALWAYS_SEARCH_USER_PATHS = NO;
				ASSETCATALOG_COMPILER_GENERATE_SWIFT_ASSET_SYMBOL_EXTENSIONS = YES;
				CLANG_ANALYZER_NONNULL = YES;
				CLANG_ANALYZER_NUMBER_OBJECT_CONVERSION = YES_AGGRESSIVE;
				CLANG_CXX_LANGUAGE_STANDARD = "gnu++20";
				CLANG_ENABLE_MODULES = YES;
				CLANG_ENABLE_OBJC_ARC = YES;
				CLANG_ENABLE_OBJC_WEAK = YES;
				CLANG_WARN_BLOCK_CAPTURE_AUTORELEASING = YES;
				CLANG_WARN_BOOL_CONVERSION = YES;
				CLANG_WARN_COMMA = YES;
				CLANG_WARN_CONSTANT_CONVERSION = YES;
				CLANG_WARN_DEPRECATED_OBJC_IMPLEMENTATIONS = YES;
				CLANG_WARN_DIRECT_OBJC_ISA_USAGE = YES_ERROR;
				CLANG_WARN_DOCUMENTATION_COMMENTS = YES;
				CLANG_WARN_EMPTY_BODY = YES;
				CLANG_WARN_ENUM_CONVERSION = YES;
				CLANG_WARN_INFINITE_RECURSION = YES;
				CLANG_WARN_INT_CONVERSION = YES;
				CLANG_WARN_NON_LITERAL_NULL_CONVERSION = YES;
				CLANG_WARN_OBJC_IMPLICIT_RETAIN_SELF = YES;
				CLANG_WARN_OBJC_LITERAL_CONVERSION = YES;
				CLANG_WARN_OBJC_ROOT_CLASS = YES_ERROR;
				CLANG_WARN_QUOTED_INCLUDE_IN_FRAMEWORK_HEADER = YES;
				CLANG_WARN_RANGE_LOOP_ANALYSIS = YES;
				CLANG_WARN_STRICT_PROTOTYPES = YES;
				CLANG_WARN_SUSPICIOUS_MOVE = YES;
				CLANG_WARN_UNGUARDED_AVAILABILITY = YES_AGGRESSIVE;
				CLANG_WARN_UNREACHABLE_CODE = YES;
				CLANG_WARN__DUPLICATE_METHOD_MATCH = YES;
				COPY_PHASE_STRIP = NO;
				DEBUG_INFORMATION_FORMAT = dwarf;
				ENABLE_STRICT_OBJC_MSGSEND = YES;
				ENABLE_TESTABILITY = YES;
				ENABLE_USER_SCRIPT_SANDBOXING = YES;
				GCC_C_LANGUAGE_STANDARD = gnu17;
				GCC_DYNAMIC_NO_PIC = NO;
				GCC_NO_COMMON_BLOCKS = YES;
				GCC_OPTIMIZATION_LEVEL = 0;
				GCC_PREPROCESSOR_DEFINITIONS = (
					"DEBUG=1",
					"$(inherited)",
				);
				GCC_WARN_64_TO_32_BIT_CONVERSION = YES;
				GCC_WARN_ABOUT_RETURN_TYPE = YES_ERROR;
				GCC_WARN_UNDECLARED_SELECTOR = YES;
				GCC_WARN_UNINITIALIZED_AUTOS = YES_AGGRESSIVE;
				GCC_WARN_UNUSED_FUNCTION = YES;
				GCC_WARN_UNUSED_VARIABLE = YES;
				IPHONEOS_DEPLOYMENT_TARGET = 17.4;
				LOCALIZATION_PREFERS_STRING_CATALOGS = YES;
				MTL_ENABLE_DEBUG_INFO = INCLUDE_SOURCE;
				MTL_FAST_MATH = YES;
				ONLY_ACTIVE_ARCH = YES;
				SDKROOT = iphoneos;
				SWIFT_ACTIVE_COMPILATION_CONDITIONS = "DEBUG $(inherited)";
				SWIFT_OPTIMIZATION_LEVEL = "-Onone";
			};
			name = Debug;
		};
		D3EA9C8D2BB1843900FB2F8A /* Release */ = {
			isa = XCBuildConfiguration;
			buildSettings = {
				ALWAYS_SEARCH_USER_PATHS = NO;
				ASSETCATALOG_COMPILER_GENERATE_SWIFT_ASSET_SYMBOL_EXTENSIONS = YES;
				CLANG_ANALYZER_NONNULL = YES;
				CLANG_ANALYZER_NUMBER_OBJECT_CONVERSION = YES_AGGRESSIVE;
				CLANG_CXX_LANGUAGE_STANDARD = "gnu++20";
				CLANG_ENABLE_MODULES = YES;
				CLANG_ENABLE_OBJC_ARC = YES;
				CLANG_ENABLE_OBJC_WEAK = YES;
				CLANG_WARN_BLOCK_CAPTURE_AUTORELEASING = YES;
				CLANG_WARN_BOOL_CONVERSION = YES;
				CLANG_WARN_COMMA = YES;
				CLANG_WARN_CONSTANT_CONVERSION = YES;
				CLANG_WARN_DEPRECATED_OBJC_IMPLEMENTATIONS = YES;
				CLANG_WARN_DIRECT_OBJC_ISA_USAGE = YES_ERROR;
				CLANG_WARN_DOCUMENTATION_COMMENTS = YES;
				CLANG_WARN_EMPTY_BODY = YES;
				CLANG_WARN_ENUM_CONVERSION = YES;
				CLANG_WARN_INFINITE_RECURSION = YES;
				CLANG_WARN_INT_CONVERSION = YES;
				CLANG_WARN_NON_LITERAL_NULL_CONVERSION = YES;
				CLANG_WARN_OBJC_IMPLICIT_RETAIN_SELF = YES;
				CLANG_WARN_OBJC_LITERAL_CONVERSION = YES;
				CLANG_WARN_OBJC_ROOT_CLASS = YES_ERROR;
				CLANG_WARN_QUOTED_INCLUDE_IN_FRAMEWORK_HEADER = YES;
				CLANG_WARN_RANGE_LOOP_ANALYSIS = YES;
				CLANG_WARN_STRICT_PROTOTYPES = YES;
				CLANG_WARN_SUSPICIOUS_MOVE = YES;
				CLANG_WARN_UNGUARDED_AVAILABILITY = YES_AGGRESSIVE;
				CLANG_WARN_UNREACHABLE_CODE = YES;
				CLANG_WARN__DUPLICATE_METHOD_MATCH = YES;
				COPY_PHASE_STRIP = NO;
				DEBUG_INFORMATION_FORMAT = "dwarf-with-dsym";
				ENABLE_NS_ASSERTIONS = NO;
				ENABLE_STRICT_OBJC_MSGSEND = YES;
				ENABLE_USER_SCRIPT_SANDBOXING = YES;
				GCC_C_LANGUAGE_STANDARD = gnu17;
				GCC_NO_COMMON_BLOCKS = YES;
				GCC_WARN_64_TO_32_BIT_CONVERSION = YES;
				GCC_WARN_ABOUT_RETURN_TYPE = YES_ERROR;
				GCC_WARN_UNDECLARED_SELECTOR = YES;
				GCC_WARN_UNINITIALIZED_AUTOS = YES_AGGRESSIVE;
				GCC_WARN_UNUSED_FUNCTION = YES;
				GCC_WARN_UNUSED_VARIABLE = YES;
				IPHONEOS_DEPLOYMENT_TARGET = 17.4;
				LOCALIZATION_PREFERS_STRING_CATALOGS = YES;
				MTL_ENABLE_DEBUG_INFO = NO;
				MTL_FAST_MATH = YES;
				SDKROOT = iphoneos;
				SWIFT_COMPILATION_MODE = wholemodule;
				VALIDATE_PRODUCT = YES;
			};
			name = Release;
		};
		D3EA9C8F2BB1843900FB2F8A /* Debug */ = {
			isa = XCBuildConfiguration;
			buildSettings = {
				ASSETCATALOG_COMPILER_APPICON_NAME = AppIcon;
				ASSETCATALOG_COMPILER_GLOBAL_ACCENT_COLOR_NAME = AccentColor;
				CODE_SIGN_STYLE = Automatic;
				CURRENT_PROJECT_VERSION = 1;
				DEVELOPMENT_ASSET_PATHS = "\"ApuntesPrimeraApp/Preview Content\"";
				DEVELOPMENT_TEAM = L46T9NVJ2U;
				ENABLE_PREVIEWS = YES;
				GENERATE_INFOPLIST_FILE = YES;
				INFOPLIST_FILE = ApuntesPrimeraApp/Info.plist;
				INFOPLIST_KEY_UIApplicationSceneManifest_Generation = YES;
				INFOPLIST_KEY_UIApplicationSupportsIndirectInputEvents = YES;
				INFOPLIST_KEY_UILaunchScreen_Generation = YES;
				INFOPLIST_KEY_UISupportedInterfaceOrientations_iPad = "UIInterfaceOrientationPortrait UIInterfaceOrientationPortraitUpsideDown UIInterfaceOrientationLandscapeLeft UIInterfaceOrientationLandscapeRight";
				INFOPLIST_KEY_UISupportedInterfaceOrientations_iPhone = "UIInterfaceOrientationPortrait UIInterfaceOrientationLandscapeLeft UIInterfaceOrientationLandscapeRight";
				LD_RUNPATH_SEARCH_PATHS = (
					"$(inherited)",
					"@executable_path/Frameworks",
				);
				MARKETING_VERSION = 1.0;
				PRODUCT_BUNDLE_IDENTIFIER = com.fmalourarte.ApuntesPrimeraApp;
				PRODUCT_NAME = "$(TARGET_NAME)";
				SWIFT_EMIT_LOC_STRINGS = YES;
				SWIFT_VERSION = 5.0;
				TARGETED_DEVICE_FAMILY = "1,2";
			};
			name = Debug;
		};
		D3EA9C902BB1843900FB2F8A /* Release */ = {
			isa = XCBuildConfiguration;
			buildSettings = {
				ASSETCATALOG_COMPILER_APPICON_NAME = AppIcon;
				ASSETCATALOG_COMPILER_GLOBAL_ACCENT_COLOR_NAME = AccentColor;
				CODE_SIGN_STYLE = Automatic;
				CURRENT_PROJECT_VERSION = 1;
				DEVELOPMENT_ASSET_PATHS = "\"ApuntesPrimeraApp/Preview Content\"";
				DEVELOPMENT_TEAM = L46T9NVJ2U;
				ENABLE_PREVIEWS = YES;
				GENERATE_INFOPLIST_FILE = YES;
				INFOPLIST_FILE = ApuntesPrimeraApp/Info.plist;
				INFOPLIST_KEY_UIApplicationSceneManifest_Generation = YES;
				INFOPLIST_KEY_UIApplicationSupportsIndirectInputEvents = YES;
				INFOPLIST_KEY_UILaunchScreen_Generation = YES;
				INFOPLIST_KEY_UISupportedInterfaceOrientations_iPad = "UIInterfaceOrientationPortrait UIInterfaceOrientationPortraitUpsideDown UIInterfaceOrientationLandscapeLeft UIInterfaceOrientationLandscapeRight";
				INFOPLIST_KEY_UISupportedInterfaceOrientations_iPhone = "UIInterfaceOrientationPortrait UIInterfaceOrientationLandscapeLeft UIInterfaceOrientationLandscapeRight";
				LD_RUNPATH_SEARCH_PATHS = (
					"$(inherited)",
					"@executable_path/Frameworks",
				);
				MARKETING_VERSION = 1.0;
				PRODUCT_BUNDLE_IDENTIFIER = com.fmalourarte.ApuntesPrimeraApp;
				PRODUCT_NAME = "$(TARGET_NAME)";
				SWIFT_EMIT_LOC_STRINGS = YES;
				SWIFT_VERSION = 5.0;
				TARGETED_DEVICE_FAMILY = "1,2";
			};
			name = Release;
		};
/* End XCBuildConfiguration section */

/* Begin XCConfigurationList section */
		D3EA9C7B2BB1843700FB2F8A /* Build configuration list for PBXProject "ApuntesPrimeraApp" */ = {
			isa = XCConfigurationList;
			buildConfigurations = (
				D3EA9C8C2BB1843900FB2F8A /* Debug */,
				D3EA9C8D2BB1843900FB2F8A /* Release */,
			);
			defaultConfigurationIsVisible = 0;
			defaultConfigurationName = Release;
		};
		D3EA9C8E2BB1843900FB2F8A /* Build configuration list for PBXNativeTarget "ApuntesPrimeraApp" */ = {
			isa = XCConfigurationList;
			buildConfigurations = (
				D3EA9C8F2BB1843900FB2F8A /* Debug */,
				D3EA9C902BB1843900FB2F8A /* Release */,
			);
			defaultConfigurationIsVisible = 0;
			defaultConfigurationName = Release;
		};
/* End XCConfigurationList section */
	};
	rootObject = D3EA9C782BB1843700FB2F8A /* Project object */;
}
